
Microsoft Visual Studio Solution File, Format Version 12.00
# Visual Studio Version 17
VisualStudioVersion = 17.11.35312.102
MinimumVisualStudioVersion = 10.0.40219.1
Project("{FAE04EC0-301F-11D3-BF4B-00C04F79EFBC}") = "EduBrain", "EduBrain.csproj", "{22AA1985-02C6-44D9-98D2-A6E2E2B790EF}"
EndProject
Global
	GlobalSection(SolutionConfigurationPlatforms) = preSolution
		Debug|Any CPU = Debug|Any CPU
		Release|Any CPU = Release|Any CPU
	EndGlobalSection
	GlobalSection(ProjectConfigurationPlatforms) = postSolution
		{22AA1985-02C6-44D9-98D2-A6E2E2B790EF}.Debug|Any CPU.ActiveCfg = Debug|Any CPU
		{22AA1985-02C6-44D9-98D2-A6E2E2B790EF}.Debug|Any CPU.Build.0 = Debug|Any CPU
		{22AA1985-02C6-44D9-98D2-A6E2E2B790EF}.Release|Any CPU.ActiveCfg = Release|Any CPU
		{22AA1985-02C6-44D9-98D2-A6E2E2B790EF}.Release|Any CPU.Build.0 = Release|Any CPU
	EndGlobalSection
	GlobalSection(SolutionProperties) = preSolution
		HideSolutionNode = FALSE
	EndGlobalSection
	GlobalSection(ExtensibilityGlobals) = postSolution
		SolutionGuid = {E8E6A791-2F3F-47B2-8998-F8F3FD038F24}
	EndGlobalSection
EndGlobal
